<?xml version="1.0" encoding="utf-8"?>
<Project ToolsVersion="4.0" xmlns="http://schemas.microsoft.com/developer/msbuild/2003">
  <ItemGroup>
    <Filter Include="00.Management">
      <UniqueIdentifier>{2a8297e5-00d7-4692-b05b-11d5e0d39259}</UniqueIdentifier>
    </Filter>
    <Filter Include="01.SuperClass">
      <UniqueIdentifier>{49c40f06-b49e-4735-82e0-33d83f67b579}</UniqueIdentifier>
    </Filter>
    <Filter Include="01.SuperClass\00.Component">
      <UniqueIdentifier>{247cf7da-653c-4c10-96b6-a4d76425e011}</UniqueIdentifier>
    </Filter>
    <Filter Include="01.SuperClass\00.Component\00.Collision">
      <UniqueIdentifier>{0339c252-0b18-40ac-8738-231f0e403232}</UniqueIdentifier>
    </Filter>
    <Filter Include="01.SuperClass\00.Component\01.Transform">
      <UniqueIdentifier>{6dc19c76-27e4-428f-82ed-023065290058}</UniqueIdentifier>
    </Filter>
    <Filter Include="01.SuperClass\01.Scene">
      <UniqueIdentifier>{8a191a92-9daa-4cfa-8df1-5517b53daeb8}</UniqueIdentifier>
    </Filter>
    <Filter Include="01.SuperClass\01.Scene\00.Layer">
      <UniqueIdentifier>{a847b3ac-b43d-493f-aa09-9e117ebda807}</UniqueIdentifier>
    </Filter>
    <Filter Include="01.SuperClass\02.GameObject">
      <UniqueIdentifier>{f7f217b7-705a-4c24-a43c-91e9e9be34d7}</UniqueIdentifier>
    </Filter>
    <Filter Include="01.SuperClass\02.GameObject\00.Camera">
      <UniqueIdentifier>{0931b331-6446-4bbb-95e4-a3f9793684c6}</UniqueIdentifier>
    </Filter>
    <Filter Include="02.Renderer">
      <UniqueIdentifier>{5ae77618-8182-4676-a3ff-dbe104fbdb01}</UniqueIdentifier>
    </Filter>
    <Filter Include="03.Manager">
      <UniqueIdentifier>{f1b9d129-0531-46fa-835c-2880839c5193}</UniqueIdentifier>
    </Filter>
    <Filter Include="99.Export">
      <UniqueIdentifier>{25e8c97c-7c00-4ecf-be18-890b46e78388}</UniqueIdentifier>
    </Filter>
    <Filter Include="04.Design">
      <UniqueIdentifier>{d54b1024-16c5-4bdf-bf34-dbbd02455db7}</UniqueIdentifier>
    </Filter>
    <Filter Include="04.Design\00.Observer">
      <UniqueIdentifier>{10b86cf8-b540-45a5-98e2-f3d91c498112}</UniqueIdentifier>
    </Filter>
    <Filter Include="04.Design\01.Subject">
      <UniqueIdentifier>{f310cad1-daf5-4a98-99b8-5b00207d3aff}</UniqueIdentifier>
    </Filter>
    <Filter Include="04.Design\01.Subject\00.InfoSubject">
      <UniqueIdentifier>{cbe6722a-7a13-4a04-8632-6e349341c5ce}</UniqueIdentifier>
    </Filter>
  </ItemGroup>
  <ItemGroup>
    <ClCompile Include="..\Code\Management.cpp">
      <Filter>00.Management</Filter>
    </ClCompile>
    <ClCompile Include="..\Code\Component.cpp">
      <Filter>01.SuperClass\00.Component</Filter>
    </ClCompile>
    <ClCompile Include="..\Code\Collision.cpp">
      <Filter>01.SuperClass\00.Component\00.Collision</Filter>
    </ClCompile>
    <ClCompile Include="..\Code\Transform.cpp">
      <Filter>01.SuperClass\00.Component\01.Transform</Filter>
    </ClCompile>
    <ClCompile Include="..\Code\Scene.cpp">
      <Filter>01.SuperClass\01.Scene</Filter>
    </ClCompile>
    <ClCompile Include="..\Code\Layer.cpp">
      <Filter>01.SuperClass\01.Scene\00.Layer</Filter>
    </ClCompile>
    <ClCompile Include="..\Code\GameObject.cpp">
      <Filter>01.SuperClass\02.GameObject</Filter>
    </ClCompile>
    <ClCompile Include="..\Code\Camera.cpp">
      <Filter>01.SuperClass\02.GameObject\00.Camera</Filter>
    </ClCompile>
    <ClCompile Include="..\Code\Renderer.cpp">
      <Filter>02.Renderer</Filter>
    </ClCompile>
    <ClCompile Include="..\Code\Subject.cpp">
      <Filter>04.Design</Filter>
    </ClCompile>
    <ClCompile Include="..\Code\Observer.cpp">
      <Filter>04.Design\00.Observer</Filter>
    </ClCompile>
    <ClCompile Include="..\Code\InfoSubject.cpp">
      <Filter>04.Design\01.Subject\00.InfoSubject</Filter>
    </ClCompile>
  </ItemGroup>
  <ItemGroup>
    <ClInclude Include="..\Code\Management.h">
      <Filter>00.Management</Filter>
    </ClInclude>
    <ClInclude Include="..\Code\Component.h">
      <Filter>01.SuperClass\00.Component</Filter>
    </ClInclude>
    <ClInclude Include="..\Code\Collision.h">
      <Filter>01.SuperClass\00.Component\00.Collision</Filter>
    </ClInclude>
    <ClInclude Include="..\Code\Transform.h">
      <Filter>01.SuperClass\00.Component\01.Transform</Filter>
    </ClInclude>
    <ClInclude Include="..\Code\Scene.h">
      <Filter>01.SuperClass\01.Scene</Filter>
    </ClInclude>
    <ClInclude Include="..\Code\Layer.h">
      <Filter>01.SuperClass\01.Scene\00.Layer</Filter>
    </ClInclude>
    <ClInclude Include="..\Code\GameObject.h">
      <Filter>01.SuperClass\02.GameObject</Filter>
    </ClInclude>
    <ClInclude Include="..\Code\Camera.h">
      <Filter>01.SuperClass\02.GameObject\00.Camera</Filter>
    </ClInclude>
    <ClInclude Include="..\Code\Renderer.h">
      <Filter>02.Renderer</Filter>
    </ClInclude>
    <ClInclude Include="..\..\Export\Export_Utility.h">
      <Filter>99.Export</Filter>
    </ClInclude>
    <ClInclude Include="..\Code\Subject.h">
      <Filter>04.Design</Filter>
    </ClInclude>
    <ClInclude Include="..\Code\Observer.h">
      <Filter>04.Design\00.Observer</Filter>
    </ClInclude>
    <ClInclude Include="..\Code\InfoSubject.h">
      <Filter>04.Design\01.Subject\00.InfoSubject</Filter>
    </ClInclude>
  </ItemGroup>
  <ItemGroup>
    <None Include="..\..\Export\Export_Utility.inl">
      <Filter>99.Export</Filter>
    </None>
  </ItemGroup>
</Project>