<?xml version="1.0" encoding="utf-8"?>
<Project ToolsVersion="4.0" xmlns="http://schemas.microsoft.com/developer/msbuild/2003">
  <ItemGroup>
    <Filter Include="00.GraphicDev">
      <UniqueIdentifier>{e72295ca-fa71-4bb0-b223-ab7b9d411b17}</UniqueIdentifier>
    </Filter>
    <Filter Include="01.TimeMgr">
      <UniqueIdentifier>{d72e9db8-cfee-4777-891a-e4756a3909d1}</UniqueIdentifier>
    </Filter>
    <Filter Include="99.Export">
      <UniqueIdentifier>{ff900a09-2a15-46ce-9af8-3237dbfb1f3e}</UniqueIdentifier>
    </Filter>
    <Filter Include="02.MouseMgr">
      <UniqueIdentifier>{7ce22e0e-63be-4b5f-b058-17f9ee31c2df}</UniqueIdentifier>
    </Filter>
    <Filter Include="03.KeyMgr">
      <UniqueIdentifier>{cf7c0012-5962-4573-8b0f-6168196cbc36}</UniqueIdentifier>
    </Filter>
  </ItemGroup>
  <ItemGroup>
    <ClCompile Include="..\Code\GraphicDev.cpp">
      <Filter>00.GraphicDev</Filter>
    </ClCompile>
    <ClCompile Include="..\Code\TimeMgr.cpp">
      <Filter>01.TimeMgr</Filter>
    </ClCompile>
    <ClCompile Include="..\Code\MouseMgr.cpp">
      <Filter>02.MouseMgr</Filter>
    </ClCompile>
    <ClCompile Include="..\Code\KeyMgr.cpp">
      <Filter>03.KeyMgr</Filter>
    </ClCompile>
  </ItemGroup>
  <ItemGroup>
    <ClInclude Include="..\Code\GraphicDev.h">
      <Filter>00.GraphicDev</Filter>
    </ClInclude>
    <ClInclude Include="..\Code\TimeMgr.h">
      <Filter>01.TimeMgr</Filter>
    </ClInclude>
    <ClInclude Include="..\..\Export\Export_System.h">
      <Filter>99.Export</Filter>
    </ClInclude>
    <ClInclude Include="..\Code\MouseMgr.h">
      <Filter>02.MouseMgr</Filter>
    </ClInclude>
    <ClInclude Include="..\Code\KeyMgr.h">
      <Filter>03.KeyMgr</Filter>
    </ClInclude>
  </ItemGroup>
  <ItemGroup>
    <None Include="..\..\Export\Export_System.inl">
      <Filter>99.Export</Filter>
    </None>
  </ItemGroup>
</Project>