<?xml version="1.0" encoding="utf-8"?>
<Project ToolsVersion="4.0" xmlns="http://schemas.microsoft.com/developer/msbuild/2003">
  <ItemGroup>
    <Filter Include="03.Device">
      <UniqueIdentifier>{487f8977-2491-43d8-b384-da3f5639e5ed}</UniqueIdentifier>
    </Filter>
    <Filter Include="04.GameObject">
      <UniqueIdentifier>{7669e84b-9768-4a7b-9f77-09fb02b3d592}</UniqueIdentifier>
    </Filter>
    <Filter Include="01.MainFrm">
      <UniqueIdentifier>{2c16e3f0-11e3-4ddb-a8a5-0b5b238ac1ad}</UniqueIdentifier>
    </Filter>
    <Filter Include="02.MainView">
      <UniqueIdentifier>{f28e7f7d-da8f-4da3-a789-cab13680c6e3}</UniqueIdentifier>
    </Filter>
    <Filter Include="99.Defalut">
      <UniqueIdentifier>{6fd7e548-5628-4fc6-953f-3dc9e05b44ca}</UniqueIdentifier>
    </Filter>
    <Filter Include="99.Defalut\리소스 파일">
      <UniqueIdentifier>{67DA6AB6-F800-4c08-8B7A-83BB121AAD01}</UniqueIdentifier>
      <Extensions>rc;ico;cur;bmp;dlg;rc2;rct;bin;rgs;gif;jpg;jpeg;jpe;resx;tiff;tif;png;wav</Extensions>
    </Filter>
    <Filter Include="99.Defalut\소스 파일">
      <UniqueIdentifier>{4FC737F1-C7A5-4376-A066-2A32D752A2FF}</UniqueIdentifier>
      <Extensions>cpp;c;cc;cxx;def;odl;idl;hpj;bat;asm;asmx</Extensions>
    </Filter>
    <Filter Include="05.Camera">
      <UniqueIdentifier>{887f2190-9fe3-4734-b1c1-75a16be72ec2}</UniqueIdentifier>
    </Filter>
    <Filter Include="헤더 파일">
      <UniqueIdentifier>{93995380-89BD-4b04-88EB-625FBE52EBFB}</UniqueIdentifier>
      <Extensions>h;hpp;hxx;hm;inl;inc;xsd</Extensions>
    </Filter>
  </ItemGroup>
  <ItemGroup>
    <ClCompile Include="ToolCube.cpp">
      <Filter>04.GameObject</Filter>
    </ClCompile>
    <ClCompile Include="ToolSlopeCube.cpp">
      <Filter>04.GameObject</Filter>
    </ClCompile>
    <ClCompile Include="AddCube.cpp">
      <Filter>01.MainFrm</Filter>
    </ClCompile>
    <ClCompile Include="MainFrm.cpp">
      <Filter>01.MainFrm</Filter>
    </ClCompile>
    <ClCompile Include="MyForm.cpp">
      <Filter>01.MainFrm</Filter>
    </ClCompile>
    <ClCompile Include="ToolView.cpp">
      <Filter>02.MainView</Filter>
    </ClCompile>
    <ClCompile Include="Main.cpp">
      <Filter>99.Defalut\소스 파일</Filter>
    </ClCompile>
    <ClCompile Include="stdafx.cpp">
      <Filter>99.Defalut\소스 파일</Filter>
    </ClCompile>
    <ClCompile Include="Tool.cpp">
      <Filter>99.Defalut\소스 파일</Filter>
    </ClCompile>
    <ClCompile Include="ToolDoc.cpp">
      <Filter>99.Defalut\소스 파일</Filter>
    </ClCompile>
    <ClCompile Include="ToolCamera.cpp">
      <Filter>05.Camera</Filter>
    </ClCompile>
  </ItemGroup>
  <ItemGroup>
    <ClInclude Include="ToolCube.h">
      <Filter>04.GameObject</Filter>
    </ClInclude>
    <ClInclude Include="ToolSlopeCube.h">
      <Filter>04.GameObject</Filter>
    </ClInclude>
    <ClInclude Include="AddCube.h">
      <Filter>01.MainFrm</Filter>
    </ClInclude>
    <ClInclude Include="MainFrm.h">
      <Filter>01.MainFrm</Filter>
    </ClInclude>
    <ClInclude Include="MyForm.h">
      <Filter>01.MainFrm</Filter>
    </ClInclude>
    <ClInclude Include="ToolView.h">
      <Filter>02.MainView</Filter>
    </ClInclude>
    <ClInclude Include="ToolCamera.h">
      <Filter>05.Camera</Filter>
    </ClInclude>
    <ClInclude Include="Main.h">
      <Filter>헤더 파일</Filter>
    </ClInclude>
    <ClInclude Include="Resource.h">
      <Filter>헤더 파일</Filter>
    </ClInclude>
    <ClInclude Include="stdafx.h">
      <Filter>헤더 파일</Filter>
    </ClInclude>
    <ClInclude Include="targetver.h">
      <Filter>헤더 파일</Filter>
    </ClInclude>
    <ClInclude Include="Tool.h">
      <Filter>헤더 파일</Filter>
    </ClInclude>
    <ClInclude Include="ToolDoc.h">
      <Filter>헤더 파일</Filter>
    </ClInclude>
  </ItemGroup>
  <ItemGroup>
    <Image Include="res\Tool.ico">
      <Filter>99.Defalut\리소스 파일</Filter>
    </Image>
    <Image Include="res\Toolbar.bmp">
      <Filter>99.Defalut\리소스 파일</Filter>
    </Image>
    <Image Include="res\Toolbar256.bmp">
      <Filter>99.Defalut\리소스 파일</Filter>
    </Image>
    <Image Include="res\ToolDoc.ico">
      <Filter>99.Defalut\리소스 파일</Filter>
    </Image>
    <Image Include="UserImages.bmp">
      <Filter>99.Defalut\리소스 파일</Filter>
    </Image>
  </ItemGroup>
  <ItemGroup>
    <ResourceCompile Include="Tool.rc">
      <Filter>99.Defalut\리소스 파일</Filter>
    </ResourceCompile>
  </ItemGroup>
  <ItemGroup>
    <None Include="res\Tool.rc2">
      <Filter>99.Defalut\리소스 파일</Filter>
    </None>
    <None Include="ClassDiagram1.cd" />
  </ItemGroup>
  <ItemGroup>
    <Text Include="ReadMe.txt" />
  </ItemGroup>
</Project>