
Microsoft Visual Studio Solution File, Format Version 10.00
# Visual Studio 2008
Project("{8BC9CEB8-8B4A-11D0-8D11-00A0C91BC942}") = "Client", "Client\Include\Client.vcproj", "{3251F6C8-851B-4900-86FE-FD08328B8074}"
EndProject
Project("{2150E333-8FDC-42A3-9474-1A3956D46DE8}") = "00.Client", "00.Client", "{B98664A4-6201-4C88-B10D-1C2F695BD864}"
EndProject
Project("{2150E333-8FDC-42A3-9474-1A3956D46DE8}") = "01.Engine", "01.Engine", "{836135AE-716F-4C07-9762-4179C3EF13A2}"
EndProject
Project("{8BC9CEB8-8B4A-11D0-8D11-00A0C91BC942}") = "System", "Engine\System\Include\System.vcproj", "{BB88F918-7961-4DE5-91E4-5F2743C5C38B}"
EndProject
Project("{2150E333-8FDC-42A3-9474-1A3956D46DE8}") = "98.Headers", "98.Headers", "{7B078EBA-8512-4D6F-9F58-1D5ED829984B}"
	ProjectSection(SolutionItems) = preProject
		Engine\Headers\Engine_Enum.h = Engine\Headers\Engine_Enum.h
		Engine\Headers\Engine_Function.h = Engine\Headers\Engine_Function.h
		Engine\Headers\Engine_Functor.h = Engine\Headers\Engine_Functor.h
		Engine\Headers\Engine_Include.h = Engine\Headers\Engine_Include.h
		Engine\Headers\Engine_Macro.h = Engine\Headers\Engine_Macro.h
		Engine\Headers\Engine_Struct.h = Engine\Headers\Engine_Struct.h
	EndProjectSection
EndProject
Project("{2150E333-8FDC-42A3-9474-1A3956D46DE8}") = "99.Export", "99.Export", "{322D0F62-837B-4467-9257-5A8789C3B395}"
	ProjectSection(SolutionItems) = preProject
		Engine\Export\Export_Function.h = Engine\Export\Export_Function.h
	EndProjectSection
EndProject
Project("{2150E333-8FDC-42A3-9474-1A3956D46DE8}") = "00.System", "00.System", "{9D9787D5-46B8-4173-A276-D36632359C19}"
EndProject
Project("{2150E333-8FDC-42A3-9474-1A3956D46DE8}") = "01.Utility", "01.Utility", "{3D88B408-7CFC-4003-A56F-35E73829FAE6}"
EndProject
Project("{8BC9CEB8-8B4A-11D0-8D11-00A0C91BC942}") = "Utility", "Engine\Utility\Include\Utility.vcproj", "{4ECD8985-D03C-4ED1-8806-B4CA529B0C2E}"
EndProject
Project("{2150E333-8FDC-42A3-9474-1A3956D46DE8}") = "02.Resources", "02.Resources", "{B208B070-9F7C-463C-AF36-B02A2C28DB85}"
EndProject
Project("{8BC9CEB8-8B4A-11D0-8D11-00A0C91BC942}") = "Resources", "Engine\Resources\Include\Resources.vcproj", "{86348063-8788-4634-9684-6BB89D6F2A88}"
EndProject
Project("{2150E333-8FDC-42A3-9474-1A3956D46DE8}") = "97.Tool", "97.Tool", "{39419500-B458-4FFB-A0E5-66ADBDCC1624}"
EndProject
Project("{8BC9CEB8-8B4A-11D0-8D11-00A0C91BC942}") = "Tool", "Tool\Tool.vcproj", "{E7B6656A-B9D4-4E99-8BCF-6D6B4A9D8A8C}"
EndProject
Global
	GlobalSection(SolutionConfigurationPlatforms) = preSolution
		Debug|Win32 = Debug|Win32
		Release|Win32 = Release|Win32
	EndGlobalSection
	GlobalSection(ProjectConfigurationPlatforms) = postSolution
		{3251F6C8-851B-4900-86FE-FD08328B8074}.Debug|Win32.ActiveCfg = Debug|Win32
		{3251F6C8-851B-4900-86FE-FD08328B8074}.Debug|Win32.Build.0 = Debug|Win32
		{3251F6C8-851B-4900-86FE-FD08328B8074}.Release|Win32.ActiveCfg = Release|Win32
		{3251F6C8-851B-4900-86FE-FD08328B8074}.Release|Win32.Build.0 = Release|Win32
		{BB88F918-7961-4DE5-91E4-5F2743C5C38B}.Debug|Win32.ActiveCfg = Debug|Win32
		{BB88F918-7961-4DE5-91E4-5F2743C5C38B}.Debug|Win32.Build.0 = Debug|Win32
		{BB88F918-7961-4DE5-91E4-5F2743C5C38B}.Release|Win32.ActiveCfg = Release|Win32
		{BB88F918-7961-4DE5-91E4-5F2743C5C38B}.Release|Win32.Build.0 = Release|Win32
		{4ECD8985-D03C-4ED1-8806-B4CA529B0C2E}.Debug|Win32.ActiveCfg = Debug|Win32
		{4ECD8985-D03C-4ED1-8806-B4CA529B0C2E}.Debug|Win32.Build.0 = Debug|Win32
		{4ECD8985-D03C-4ED1-8806-B4CA529B0C2E}.Release|Win32.ActiveCfg = Release|Win32
		{4ECD8985-D03C-4ED1-8806-B4CA529B0C2E}.Release|Win32.Build.0 = Release|Win32
		{86348063-8788-4634-9684-6BB89D6F2A88}.Debug|Win32.ActiveCfg = Debug|Win32
		{86348063-8788-4634-9684-6BB89D6F2A88}.Debug|Win32.Build.0 = Debug|Win32
		{86348063-8788-4634-9684-6BB89D6F2A88}.Release|Win32.ActiveCfg = Release|Win32
		{86348063-8788-4634-9684-6BB89D6F2A88}.Release|Win32.Build.0 = Release|Win32
		{E7B6656A-B9D4-4E99-8BCF-6D6B4A9D8A8C}.Debug|Win32.ActiveCfg = Debug|Win32
		{E7B6656A-B9D4-4E99-8BCF-6D6B4A9D8A8C}.Debug|Win32.Build.0 = Debug|Win32
		{E7B6656A-B9D4-4E99-8BCF-6D6B4A9D8A8C}.Release|Win32.ActiveCfg = Release|Win32
		{E7B6656A-B9D4-4E99-8BCF-6D6B4A9D8A8C}.Release|Win32.Build.0 = Release|Win32
	EndGlobalSection
	GlobalSection(SolutionProperties) = preSolution
		HideSolutionNode = FALSE
	EndGlobalSection
	GlobalSection(NestedProjects) = preSolution
		{3251F6C8-851B-4900-86FE-FD08328B8074} = {B98664A4-6201-4C88-B10D-1C2F695BD864}
		{9D9787D5-46B8-4173-A276-D36632359C19} = {836135AE-716F-4C07-9762-4179C3EF13A2}
		{3D88B408-7CFC-4003-A56F-35E73829FAE6} = {836135AE-716F-4C07-9762-4179C3EF13A2}
		{B208B070-9F7C-463C-AF36-B02A2C28DB85} = {836135AE-716F-4C07-9762-4179C3EF13A2}
		{BB88F918-7961-4DE5-91E4-5F2743C5C38B} = {9D9787D5-46B8-4173-A276-D36632359C19}
		{4ECD8985-D03C-4ED1-8806-B4CA529B0C2E} = {3D88B408-7CFC-4003-A56F-35E73829FAE6}
		{86348063-8788-4634-9684-6BB89D6F2A88} = {B208B070-9F7C-463C-AF36-B02A2C28DB85}
		{E7B6656A-B9D4-4E99-8BCF-6D6B4A9D8A8C} = {39419500-B458-4FFB-A0E5-66ADBDCC1624}
	EndGlobalSection
EndGlobal
