<?xml version="1.0" encoding="utf-8"?>
<Project ToolsVersion="4.0" xmlns="http://schemas.microsoft.com/developer/msbuild/2003">
  <ItemGroup>
    <Filter Include="00.ResourceMgr">
      <UniqueIdentifier>{4c12b46b-4bdf-4231-b4aa-e1d714ea20d5}</UniqueIdentifier>
    </Filter>
    <Filter Include="01.Resources">
      <UniqueIdentifier>{b5728f52-6d1f-416b-9010-5dbcd3c350f0}</UniqueIdentifier>
    </Filter>
    <Filter Include="01.Resources\00.VIBuffer">
      <UniqueIdentifier>{7efcf2f8-00b0-4327-bd30-df023abf6035}</UniqueIdentifier>
    </Filter>
    <Filter Include="01.Resources\00.VIBuffer\01.RcTex">
      <UniqueIdentifier>{b588ef2d-9052-46f5-acfe-a08cdc8f2571}</UniqueIdentifier>
    </Filter>
    <Filter Include="01.Resources\00.VIBuffer\02.SlopeTex">
      <UniqueIdentifier>{dff65236-19f1-4565-8f0a-cdf4c054a72f}</UniqueIdentifier>
    </Filter>
    <Filter Include="01.Resources\00.VIBuffer\03.CubeTex">
      <UniqueIdentifier>{7adc96eb-eeb0-4657-92e3-c92952486d7e}</UniqueIdentifier>
    </Filter>
    <Filter Include="01.Resources\00.VIBuffer\04.CubeColor">
      <UniqueIdentifier>{5ee278a8-1efe-433f-85aa-d32b0ebb7f00}</UniqueIdentifier>
    </Filter>
    <Filter Include="01.Resources\00.VIBuffer\05.SphereTex">
      <UniqueIdentifier>{13c56be1-0f90-41fa-910b-e74aabb6f893}</UniqueIdentifier>
    </Filter>
    <Filter Include="01.Resources\01.Texture">
      <UniqueIdentifier>{c1a292bb-d148-4dc4-b46f-f213ed8b4e79}</UniqueIdentifier>
    </Filter>
    <Filter Include="01.Resources\02.Model">
      <UniqueIdentifier>{e4819f9f-3b40-46d7-adec-fda3899e42e1}</UniqueIdentifier>
    </Filter>
    <Filter Include="99.Export">
      <UniqueIdentifier>{aa51c0a8-b607-4c2d-8764-a8ade70993cb}</UniqueIdentifier>
    </Filter>
  </ItemGroup>
  <ItemGroup>
    <ClCompile Include="..\Code\ResourceMgr.cpp">
      <Filter>00.ResourceMgr</Filter>
    </ClCompile>
    <ClCompile Include="..\Code\Resources.cpp">
      <Filter>01.Resources</Filter>
    </ClCompile>
    <ClCompile Include="..\Code\VIBuffer.cpp">
      <Filter>01.Resources\00.VIBuffer</Filter>
    </ClCompile>
    <ClCompile Include="..\Code\RcTex.cpp">
      <Filter>01.Resources\00.VIBuffer\01.RcTex</Filter>
    </ClCompile>
    <ClCompile Include="..\Code\SlopeTex.cpp">
      <Filter>01.Resources\00.VIBuffer\02.SlopeTex</Filter>
    </ClCompile>
    <ClCompile Include="..\Code\CubeTex.cpp">
      <Filter>01.Resources\00.VIBuffer\03.CubeTex</Filter>
    </ClCompile>
    <ClCompile Include="..\Code\CubeColor.cpp">
      <Filter>01.Resources\00.VIBuffer\04.CubeColor</Filter>
    </ClCompile>
    <ClCompile Include="..\Code\SphereTex.cpp">
      <Filter>01.Resources\00.VIBuffer\05.SphereTex</Filter>
    </ClCompile>
    <ClCompile Include="..\Code\Texture.cpp">
      <Filter>01.Resources\01.Texture</Filter>
    </ClCompile>
    <ClCompile Include="..\Code\PlayerModel.cpp">
      <Filter>01.Resources\02.Model</Filter>
    </ClCompile>
  </ItemGroup>
  <ItemGroup>
    <ClInclude Include="..\Code\ResourceMgr.h">
      <Filter>00.ResourceMgr</Filter>
    </ClInclude>
    <ClInclude Include="..\Code\Resources.h">
      <Filter>01.Resources</Filter>
    </ClInclude>
    <ClInclude Include="..\Code\VIBuffer.h">
      <Filter>01.Resources\00.VIBuffer</Filter>
    </ClInclude>
    <ClInclude Include="..\Code\RcTex.h">
      <Filter>01.Resources\00.VIBuffer\01.RcTex</Filter>
    </ClInclude>
    <ClInclude Include="..\Code\SlopeTex.h">
      <Filter>01.Resources\00.VIBuffer\02.SlopeTex</Filter>
    </ClInclude>
    <ClInclude Include="..\Code\CubeTex.h">
      <Filter>01.Resources\00.VIBuffer\03.CubeTex</Filter>
    </ClInclude>
    <ClInclude Include="..\Code\CubeColor.h">
      <Filter>01.Resources\00.VIBuffer\04.CubeColor</Filter>
    </ClInclude>
    <ClInclude Include="..\Code\SphereTex.h">
      <Filter>01.Resources\00.VIBuffer\05.SphereTex</Filter>
    </ClInclude>
    <ClInclude Include="..\Code\Texture.h">
      <Filter>01.Resources\01.Texture</Filter>
    </ClInclude>
    <ClInclude Include="..\Code\PlayerModel.h">
      <Filter>01.Resources\02.Model</Filter>
    </ClInclude>
    <ClInclude Include="..\..\Export\Export_Resource.h">
      <Filter>99.Export</Filter>
    </ClInclude>
  </ItemGroup>
  <ItemGroup>
    <None Include="..\..\Export\Export_Resource.inl">
      <Filter>99.Export</Filter>
    </None>
  </ItemGroup>
</Project>